
Microsoft Visual Studio Solution File, Format Version 12.00
# Visual Studio Version 17
VisualStudioVersion = 17.10.34928.147
MinimumVisualStudioVersion = 10.0.40219.1
Project("{FAE04EC0-301F-11D3-BF4B-00C04F79EFBC}") = "jobsAnalyze", "jobsAnalyze\jobsAnalyze.csproj", "{B398C19E-63DF-4A14-A764-72C3595CF476}"
EndProject
Global
	GlobalSection(SolutionConfigurationPlatforms) = preSolution
		Debug|Any CPU = Debug|Any CPU
		Release|Any CPU = Release|Any CPU
	EndGlobalSection
	GlobalSection(ProjectConfigurationPlatforms) = postSolution
		{B398C19E-63DF-4A14-A764-72C3595CF476}.Debug|Any CPU.ActiveCfg = Debug|Any CPU
		{B398C19E-63DF-4A14-A764-72C3595CF476}.Debug|Any CPU.Build.0 = Debug|Any CPU
		{B398C19E-63DF-4A14-A764-72C3595CF476}.Release|Any CPU.ActiveCfg = Release|Any CPU
		{B398C19E-63DF-4A14-A764-72C3595CF476}.Release|Any CPU.Build.0 = Release|Any CPU
	EndGlobalSection
	GlobalSection(SolutionProperties) = preSolution
		HideSolutionNode = FALSE
	EndGlobalSection
	GlobalSection(ExtensibilityGlobals) = postSolution
		SolutionGuid = {B089F2E0-1BF9-4EDE-B0F1-0BA1DCF479DA}
	EndGlobalSection
EndGlobal
